{
  "object": {
    "pins": [
      {
        "package": "Alamofire",
        "repositoryURL": "https://github.com/Alamofire/Alamofire",
        "state": {
          "branch": null,
          "revision": "f82c23a8a7ef8dc1a49a8bfc6a96883e79121864",
          "version": "5.5.0"
        }
      },
      {
        "package": "SwiftSpinner",
        "repositoryURL": "https://github.com/icanzilb/SwiftSpinner",
        "state": {
          "branch": null,
          "revision": "f6cfeb6f1780571bdef8bdaf924ccdb573d23e33",
          "version": "2.2.0"
        }
      },
      {
        "package": "TTGSnackbar",
        "repositoryURL": "https://github.com/zekunyan/TTGSnackbar",
        "state": {
          "branch": null,
          "revision": "a9a22eba7471d02abdd1f355baea98ec547de0ae",
          "version": "1.10.5"
        }
      }
    ]
  },
  "version": 1
}
