// !$*UTF8*$!
{
	archiveVersion = 1;
	classes = {
	};
	objectVersion = 55;
	objects = {

/* Begin PBXBuildFile section */
		17043D122776C26F00EFD93A /* Alamofire in Frameworks */ = {isa = PBXBuildFile; productRef = 17043D112776C26F00EFD93A /* Alamofire */; };
		17043D152776E4BE00EFD93A /* KeychainHelper.swift in Sources */ = {isa = PBXBuildFile; fileRef = 17043D142776E4BE00EFD93A /* KeychainHelper.swift */; };
		17043D172776E74A00EFD93A /* AuthManager.swift in Sources */ = {isa = PBXBuildFile; fileRef = 17043D162776E74A00EFD93A /* AuthManager.swift */; };
		171C0FA6275DC3E800A1E9E3 /* AppDelegate.swift in Sources */ = {isa = PBXBuildFile; fileRef = 171C0FA5275DC3E800A1E9E3 /* AppDelegate.swift */; };
		171C0FA8275DC3E800A1E9E3 /* SceneDelegate.swift in Sources */ = {isa = PBXBuildFile; fileRef = 171C0FA7275DC3E800A1E9E3 /* SceneDelegate.swift */; };
		171C0FAA275DC3E800A1E9E3 /* DashboardController.swift in Sources */ = {isa = PBXBuildFile; fileRef = 171C0FA9275DC3E800A1E9E3 /* DashboardController.swift */; };
		171C0FB0275DC3E800A1E9E3 /* Shifl.xcdatamodeld in Sources */ = {isa = PBXBuildFile; fileRef = 171C0FAE275DC3E800A1E9E3 /* Shifl.xcdatamodeld */; };
		171C0FB2275DC3F200A1E9E3 /* Assets.xcassets in Resources */ = {isa = PBXBuildFile; fileRef = 171C0FB1275DC3F200A1E9E3 /* Assets.xcassets */; };
		171C0FB5275DC3F200A1E9E3 /* LaunchScreen.storyboard in Resources */ = {isa = PBXBuildFile; fileRef = 171C0FB3275DC3F200A1E9E3 /* LaunchScreen.storyboard */; };
		171C0FBD275DC72B00A1E9E3 /* LoginViewController.swift in Sources */ = {isa = PBXBuildFile; fileRef = 171C0FBC275DC72B00A1E9E3 /* LoginViewController.swift */; };
		17378A272760C46A00DA0280 /* UIColor+Extension.swift in Sources */ = {isa = PBXBuildFile; fileRef = 17378A262760C46A00DA0280 /* UIColor+Extension.swift */; };
		17C3CC742760FA3F00AA6942 /* ForgotPasswordViewController.swift in Sources */ = {isa = PBXBuildFile; fileRef = 17C3CC732760FA3F00AA6942 /* ForgotPasswordViewController.swift */; };
		17C3CC7F2760FFBC00AA6942 /* Inter-Black.ttf in Resources */ = {isa = PBXBuildFile; fileRef = 17C3CC782760FF3800AA6942 /* Inter-Black.ttf */; };
		17C3CC802760FFC100AA6942 /* Inter-Thin.ttf in Resources */ = {isa = PBXBuildFile; fileRef = 17C3CC7C2760FF3800AA6942 /* Inter-Thin.ttf */; };
		17C3CC812760FFC100AA6942 /* Inter-Bold.ttf in Resources */ = {isa = PBXBuildFile; fileRef = 17C3CC7B2760FF3800AA6942 /* Inter-Bold.ttf */; };
		17C3CC822760FFC100AA6942 /* Inter-ExtraLight.ttf in Resources */ = {isa = PBXBuildFile; fileRef = 17C3CC7D2760FF3800AA6942 /* Inter-ExtraLight.ttf */; };
		17C3CC832760FFC100AA6942 /* Inter-Light.ttf in Resources */ = {isa = PBXBuildFile; fileRef = 17C3CC7E2760FF3800AA6942 /* Inter-Light.ttf */; };
		17C3CC842760FFC100AA6942 /* Inter-SemiBold.ttf in Resources */ = {isa = PBXBuildFile; fileRef = 17C3CC7A2760FF3800AA6942 /* Inter-SemiBold.ttf */; };
		17C3CC852760FFC100AA6942 /* Inter-Medium.ttf in Resources */ = {isa = PBXBuildFile; fileRef = 17C3CC792760FF3800AA6942 /* Inter-Medium.ttf */; };
		17C3CC862760FFC100AA6942 /* Inter-Regular.ttf in Resources */ = {isa = PBXBuildFile; fileRef = 17C3CC772760FF3800AA6942 /* Inter-Regular.ttf */; };
		17C3CC872760FFC100AA6942 /* Inter-ExtraBold.ttf in Resources */ = {isa = PBXBuildFile; fileRef = 17C3CC762760FF3800AA6942 /* Inter-ExtraBold.ttf */; };
		17C3CC89276102B000AA6942 /* UITextField+Extension.swift in Sources */ = {isa = PBXBuildFile; fileRef = 17C3CC88276102B000AA6942 /* UITextField+Extension.swift */; };
		17CC71FE27673EFF0028AF96 /* TTGSnackbar in Frameworks */ = {isa = PBXBuildFile; productRef = 17CC71FD27673EFF0028AF96 /* TTGSnackbar */; };
		17CC7200276750870028AF96 /* APIManager.swift in Sources */ = {isa = PBXBuildFile; fileRef = 17CC71FF276750870028AF96 /* APIManager.swift */; };
		17EAFA71275E42150083E931 /* LoginModel.swift in Sources */ = {isa = PBXBuildFile; fileRef = 17EAFA70275E42150083E931 /* LoginModel.swift */; };
/* End PBXBuildFile section */

/* Begin PBXFileReference section */
		17043D142776E4BE00EFD93A /* KeychainHelper.swift */ = {isa = PBXFileReference; lastKnownFileType = sourcecode.swift; path = KeychainHelper.swift; sourceTree = "<group>"; };
		17043D162776E74A00EFD93A /* AuthManager.swift */ = {isa = PBXFileReference; lastKnownFileType = sourcecode.swift; path = AuthManager.swift; sourceTree = "<group>"; };
		171C0FA2275DC3E700A1E9E3 /* Shifl.app */ = {isa = PBXFileReference; explicitFileType = wrapper.application; includeInIndex = 0; path = Shifl.app; sourceTree = BUILT_PRODUCTS_DIR; };
		171C0FA5275DC3E800A1E9E3 /* AppDelegate.swift */ = {isa = PBXFileReference; lastKnownFileType = sourcecode.swift; path = AppDelegate.swift; sourceTree = "<group>"; };
		171C0FA7275DC3E800A1E9E3 /* SceneDelegate.swift */ = {isa = PBXFileReference; lastKnownFileType = sourcecode.swift; path = SceneDelegate.swift; sourceTree = "<group>"; };
		171C0FA9275DC3E800A1E9E3 /* DashboardController.swift */ = {isa = PBXFileReference; lastKnownFileType = sourcecode.swift; path = DashboardController.swift; sourceTree = "<group>"; };
		171C0FAF275DC3E800A1E9E3 /* Shifl.xcdatamodel */ = {isa = PBXFileReference; lastKnownFileType = wrapper.xcdatamodel; path = Shifl.xcdatamodel; sourceTree = "<group>"; };
		171C0FB1275DC3F200A1E9E3 /* Assets.xcassets */ = {isa = PBXFileReference; lastKnownFileType = folder.assetcatalog; path = Assets.xcassets; sourceTree = "<group>"; };
		171C0FB4275DC3F200A1E9E3 /* Base */ = {isa = PBXFileReference; lastKnownFileType = file.storyboard; name = Base; path = Base.lproj/LaunchScreen.storyboard; sourceTree = "<group>"; };
		171C0FB6275DC3F200A1E9E3 /* Info.plist */ = {isa = PBXFileReference; lastKnownFileType = text.plist.xml; path = Info.plist; sourceTree = "<group>"; };
		171C0FBC275DC72B00A1E9E3 /* LoginViewController.swift */ = {isa = PBXFileReference; lastKnownFileType = sourcecode.swift; path = LoginViewController.swift; sourceTree = "<group>"; };
		1730B76027796E8300318EBA /* Shifl.entitlements */ = {isa = PBXFileReference; lastKnownFileType = text.plist.entitlements; path = Shifl.entitlements; sourceTree = "<group>"; };
		17378A262760C46A00DA0280 /* UIColor+Extension.swift */ = {isa = PBXFileReference; lastKnownFileType = sourcecode.swift; path = "UIColor+Extension.swift"; sourceTree = "<group>"; };
		17C3CC732760FA3F00AA6942 /* ForgotPasswordViewController.swift */ = {isa = PBXFileReference; lastKnownFileType = sourcecode.swift; path = ForgotPasswordViewController.swift; sourceTree = "<group>"; };
		17C3CC762760FF3800AA6942 /* Inter-ExtraBold.ttf */ = {isa = PBXFileReference; lastKnownFileType = file; path = "Inter-ExtraBold.ttf"; sourceTree = "<group>"; };
		17C3CC772760FF3800AA6942 /* Inter-Regular.ttf */ = {isa = PBXFileReference; lastKnownFileType = file; path = "Inter-Regular.ttf"; sourceTree = "<group>"; };
		17C3CC782760FF3800AA6942 /* Inter-Black.ttf */ = {isa = PBXFileReference; lastKnownFileType = file; path = "Inter-Black.ttf"; sourceTree = "<group>"; };
		17C3CC792760FF3800AA6942 /* Inter-Medium.ttf */ = {isa = PBXFileReference; lastKnownFileType = file; path = "Inter-Medium.ttf"; sourceTree = "<group>"; };
		17C3CC7A2760FF3800AA6942 /* Inter-SemiBold.ttf */ = {isa = PBXFileReference; lastKnownFileType = file; path = "Inter-SemiBold.ttf"; sourceTree = "<group>"; };
		17C3CC7B2760FF3800AA6942 /* Inter-Bold.ttf */ = {isa = PBXFileReference; lastKnownFileType = file; path = "Inter-Bold.ttf"; sourceTree = "<group>"; };
		17C3CC7C2760FF3800AA6942 /* Inter-Thin.ttf */ = {isa = PBXFileReference; lastKnownFileType = file; path = "Inter-Thin.ttf"; sourceTree = "<group>"; };
		17C3CC7D2760FF3800AA6942 /* Inter-ExtraLight.ttf */ = {isa = PBXFileReference; lastKnownFileType = file; path = "Inter-ExtraLight.ttf"; sourceTree = "<group>"; };
		17C3CC7E2760FF3800AA6942 /* Inter-Light.ttf */ = {isa = PBXFileReference; lastKnownFileType = file; path = "Inter-Light.ttf"; sourceTree = "<group>"; };
		17C3CC88276102B000AA6942 /* UITextField+Extension.swift */ = {isa = PBXFileReference; lastKnownFileType = sourcecode.swift; path = "UITextField+Extension.swift"; sourceTree = "<group>"; };
		17CC71FF276750870028AF96 /* APIManager.swift */ = {isa = PBXFileReference; lastKnownFileType = sourcecode.swift; path = APIManager.swift; sourceTree = "<group>"; };
		17EAFA70275E42150083E931 /* LoginModel.swift */ = {isa = PBXFileReference; lastKnownFileType = sourcecode.swift; path = LoginModel.swift; sourceTree = "<group>"; };
/* End PBXFileReference section */

/* Begin PBXFrameworksBuildPhase section */
		171C0F9F275DC3E700A1E9E3 /* Frameworks */ = {
			isa = PBXFrameworksBuildPhase;
			buildActionMask = 2147483647;
			files = (
				17CC71FE27673EFF0028AF96 /* TTGSnackbar in Frameworks */,
				17043D122776C26F00EFD93A /* Alamofire in Frameworks */,
			);
			runOnlyForDeploymentPostprocessing = 0;
		};
/* End PBXFrameworksBuildPhase section */

/* Begin PBXGroup section */
		17043D132776E4B400EFD93A /* Helper */ = {
			isa = PBXGroup;
			children = (
				17043D142776E4BE00EFD93A /* KeychainHelper.swift */,
				17043D162776E74A00EFD93A /* AuthManager.swift */,
			);
			path = Helper;
			sourceTree = "<group>";
		};
		171C0F99275DC3E700A1E9E3 = {
			isa = PBXGroup;
			children = (
				171C0FA4275DC3E700A1E9E3 /* Shifl */,
				171C0FA3275DC3E700A1E9E3 /* Products */,
			);
			sourceTree = "<group>";
		};
		171C0FA3275DC3E700A1E9E3 /* Products */ = {
			isa = PBXGroup;
			children = (
				171C0FA2275DC3E700A1E9E3 /* Shifl.app */,
			);
			name = Products;
			sourceTree = "<group>";
		};
		171C0FA4275DC3E700A1E9E3 /* Shifl */ = {
			isa = PBXGroup;
			children = (
				1730B76027796E8300318EBA /* Shifl.entitlements */,
				17043D132776E4B400EFD93A /* Helper */,
				17C3CC752760FF2200AA6942 /* Resources */,
				17378A252760C45D00DA0280 /* Extension */,
				171C0FA5275DC3E800A1E9E3 /* AppDelegate.swift */,
				171C0FA7275DC3E800A1E9E3 /* SceneDelegate.swift */,
				171C0FA9275DC3E800A1E9E3 /* DashboardController.swift */,
				171C0FB1275DC3F200A1E9E3 /* Assets.xcassets */,
				171C0FB3275DC3F200A1E9E3 /* LaunchScreen.storyboard */,
				171C0FB6275DC3F200A1E9E3 /* Info.plist */,
				171C0FAE275DC3E800A1E9E3 /* Shifl.xcdatamodeld */,
				171C0FBC275DC72B00A1E9E3 /* LoginViewController.swift */,
				17EAFA70275E42150083E931 /* LoginModel.swift */,
				17C3CC732760FA3F00AA6942 /* ForgotPasswordViewController.swift */,
				17CC71FF276750870028AF96 /* APIManager.swift */,
			);
			path = Shifl;
			sourceTree = "<group>";
		};
		17378A252760C45D00DA0280 /* Extension */ = {
			isa = PBXGroup;
			children = (
				17378A262760C46A00DA0280 /* UIColor+Extension.swift */,
				17C3CC88276102B000AA6942 /* UITextField+Extension.swift */,
			);
			path = Extension;
			sourceTree = "<group>";
		};
		17C3CC752760FF2200AA6942 /* Resources */ = {
			isa = PBXGroup;
			children = (
				17C3CC782760FF3800AA6942 /* Inter-Black.ttf */,
				17C3CC7B2760FF3800AA6942 /* Inter-Bold.ttf */,
				17C3CC762760FF3800AA6942 /* Inter-ExtraBold.ttf */,
				17C3CC7D2760FF3800AA6942 /* Inter-ExtraLight.ttf */,
				17C3CC7E2760FF3800AA6942 /* Inter-Light.ttf */,
				17C3CC792760FF3800AA6942 /* Inter-Medium.ttf */,
				17C3CC772760FF3800AA6942 /* Inter-Regular.ttf */,
				17C3CC7A2760FF3800AA6942 /* Inter-SemiBold.ttf */,
				17C3CC7C2760FF3800AA6942 /* Inter-Thin.ttf */,
			);
			path = Resources;
			sourceTree = "<group>";
		};
/* End PBXGroup section */

/* Begin PBXNativeTarget section */
		171C0FA1275DC3E700A1E9E3 /* Shifl */ = {
			isa = PBXNativeTarget;
			buildConfigurationList = 171C0FB9275DC3F200A1E9E3 /* Build configuration list for PBXNativeTarget "Shifl" */;
			buildPhases = (
				171C0F9E275DC3E700A1E9E3 /* Sources */,
				171C0F9F275DC3E700A1E9E3 /* Frameworks */,
				171C0FA0275DC3E700A1E9E3 /* Resources */,
			);
			buildRules = (
			);
			dependencies = (
			);
			name = Shifl;
			packageProductDependencies = (
				17CC71FD27673EFF0028AF96 /* TTGSnackbar */,
				17043D112776C26F00EFD93A /* Alamofire */,
			);
			productName = Shifl;
			productReference = 171C0FA2275DC3E700A1E9E3 /* Shifl.app */;
			productType = "com.apple.product-type.application";
		};
/* End PBXNativeTarget section */

/* Begin PBXProject section */
		171C0F9A275DC3E700A1E9E3 /* Project object */ = {
			isa = PBXProject;
			attributes = {
				BuildIndependentTargetsInParallel = 1;
				LastSwiftUpdateCheck = 1300;
				LastUpgradeCheck = 1300;
				TargetAttributes = {
					171C0FA1275DC3E700A1E9E3 = {
						CreatedOnToolsVersion = 13.0;
					};
				};
			};
			buildConfigurationList = 171C0F9D275DC3E700A1E9E3 /* Build configuration list for PBXProject "Shifl" */;
			compatibilityVersion = "Xcode 13.0";
			developmentRegion = en;
			hasScannedForEncodings = 0;
			knownRegions = (
				en,
				Base,
			);
			mainGroup = 171C0F99275DC3E700A1E9E3;
			packageReferences = (
				17CC71FC27673EFF0028AF96 /* XCRemoteSwiftPackageReference "TTGSnackbar" */,
				17043D102776C26F00EFD93A /* XCRemoteSwiftPackageReference "Alamofire" */,
			);
			productRefGroup = 171C0FA3275DC3E700A1E9E3 /* Products */;
			projectDirPath = "";
			projectRoot = "";
			targets = (
				171C0FA1275DC3E700A1E9E3 /* Shifl */,
			);
		};
/* End PBXProject section */

/* Begin PBXResourcesBuildPhase section */
		171C0FA0275DC3E700A1E9E3 /* Resources */ = {
			isa = PBXResourcesBuildPhase;
			buildActionMask = 2147483647;
			files = (
				17C3CC802760FFC100AA6942 /* Inter-Thin.ttf in Resources */,
				17C3CC872760FFC100AA6942 /* Inter-ExtraBold.ttf in Resources */,
				17C3CC822760FFC100AA6942 /* Inter-ExtraLight.ttf in Resources */,
				17C3CC812760FFC100AA6942 /* Inter-Bold.ttf in Resources */,
				171C0FB5275DC3F200A1E9E3 /* LaunchScreen.storyboard in Resources */,
				17C3CC842760FFC100AA6942 /* Inter-SemiBold.ttf in Resources */,
				17C3CC7F2760FFBC00AA6942 /* Inter-Black.ttf in Resources */,
				17C3CC862760FFC100AA6942 /* Inter-Regular.ttf in Resources */,
				171C0FB2275DC3F200A1E9E3 /* Assets.xcassets in Resources */,
				17C3CC832760FFC100AA6942 /* Inter-Light.ttf in Resources */,
				17C3CC852760FFC100AA6942 /* Inter-Medium.ttf in Resources */,
			);
			runOnlyForDeploymentPostprocessing = 0;
		};
/* End PBXResourcesBuildPhase section */

/* Begin PBXSourcesBuildPhase section */
		171C0F9E275DC3E700A1E9E3 /* Sources */ = {
			isa = PBXSourcesBuildPhase;
			buildActionMask = 2147483647;
			files = (
				17C3CC89276102B000AA6942 /* UITextField+Extension.swift in Sources */,
				17043D172776E74A00EFD93A /* AuthManager.swift in Sources */,
				17C3CC742760FA3F00AA6942 /* ForgotPasswordViewController.swift in Sources */,
				17CC7200276750870028AF96 /* APIManager.swift in Sources */,
				17378A272760C46A00DA0280 /* UIColor+Extension.swift in Sources */,
				171C0FB0275DC3E800A1E9E3 /* Shifl.xcdatamodeld in Sources */,
				17043D152776E4BE00EFD93A /* KeychainHelper.swift in Sources */,
				17EAFA71275E42150083E931 /* LoginModel.swift in Sources */,
				171C0FAA275DC3E800A1E9E3 /* DashboardController.swift in Sources */,
				171C0FA6275DC3E800A1E9E3 /* AppDelegate.swift in Sources */,
				171C0FBD275DC72B00A1E9E3 /* LoginViewController.swift in Sources */,
				171C0FA8275DC3E800A1E9E3 /* SceneDelegate.swift in Sources */,
			);
			runOnlyForDeploymentPostprocessing = 0;
		};
/* End PBXSourcesBuildPhase section */

/* Begin PBXVariantGroup section */
		171C0FB3275DC3F200A1E9E3 /* LaunchScreen.storyboard */ = {
			isa = PBXVariantGroup;
			children = (
				171C0FB4275DC3F200A1E9E3 /* Base */,
			);
			name = LaunchScreen.storyboard;
			sourceTree = "<group>";
		};
/* End PBXVariantGroup section */

/* Begin XCBuildConfiguration section */
		171C0FB7275DC3F200A1E9E3 /* Debug */ = {
			isa = XCBuildConfiguration;
			buildSettings = {
				ALWAYS_SEARCH_USER_PATHS = NO;
				CLANG_ANALYZER_NONNULL = YES;
				CLANG_ANALYZER_NUMBER_OBJECT_CONVERSION = YES_AGGRESSIVE;
				CLANG_CXX_LANGUAGE_STANDARD = "gnu++17";
				CLANG_CXX_LIBRARY = "libc++";
				CLANG_ENABLE_MODULES = YES;
				CLANG_ENABLE_OBJC_ARC = YES;
				CLANG_ENABLE_OBJC_WEAK = YES;
				CLANG_WARN_BLOCK_CAPTURE_AUTORELEASING = YES;
				CLANG_WARN_BOOL_CONVERSION = YES;
				CLANG_WARN_COMMA = YES;
				CLANG_WARN_CONSTANT_CONVERSION = YES;
				CLANG_WARN_DEPRECATED_OBJC_IMPLEMENTATIONS = YES;
				CLANG_WARN_DIRECT_OBJC_ISA_USAGE = YES_ERROR;
				CLANG_WARN_DOCUMENTATION_COMMENTS = YES;
				CLANG_WARN_EMPTY_BODY = YES;
				CLANG_WARN_ENUM_CONVERSION = YES;
				CLANG_WARN_INFINITE_RECURSION = YES;
				CLANG_WARN_INT_CONVERSION = YES;
				CLANG_WARN_NON_LITERAL_NULL_CONVERSION = YES;
				CLANG_WARN_OBJC_IMPLICIT_RETAIN_SELF = YES;
				CLANG_WARN_OBJC_LITERAL_CONVERSION = YES;
				CLANG_WARN_OBJC_ROOT_CLASS = YES_ERROR;
				CLANG_WARN_QUOTED_INCLUDE_IN_FRAMEWORK_HEADER = YES;
				CLANG_WARN_RANGE_LOOP_ANALYSIS = YES;
				CLANG_WARN_STRICT_PROTOTYPES = YES;
				CLANG_WARN_SUSPICIOUS_MOVE = YES;
				CLANG_WARN_UNGUARDED_AVAILABILITY = YES_AGGRESSIVE;
				CLANG_WARN_UNREACHABLE_CODE = YES;
				CLANG_WARN__DUPLICATE_METHOD_MATCH = YES;
				COPY_PHASE_STRIP = NO;
				DEBUG_INFORMATION_FORMAT = dwarf;
				ENABLE_STRICT_OBJC_MSGSEND = YES;
				ENABLE_TESTABILITY = YES;
				GCC_C_LANGUAGE_STANDARD = gnu11;
				GCC_DYNAMIC_NO_PIC = NO;
				GCC_NO_COMMON_BLOCKS = YES;
				GCC_OPTIMIZATION_LEVEL = 0;
				GCC_PREPROCESSOR_DEFINITIONS = (
					"DEBUG=1",
					"$(inherited)",
				);
				GCC_WARN_64_TO_32_BIT_CONVERSION = YES;
				GCC_WARN_ABOUT_RETURN_TYPE = YES_ERROR;
				GCC_WARN_UNDECLARED_SELECTOR = YES;
				GCC_WARN_UNINITIALIZED_AUTOS = YES_AGGRESSIVE;
				GCC_WARN_UNUSED_FUNCTION = YES;
				GCC_WARN_UNUSED_VARIABLE = YES;
				IPHONEOS_DEPLOYMENT_TARGET = 15.0;
				MTL_ENABLE_DEBUG_INFO = INCLUDE_SOURCE;
				MTL_FAST_MATH = YES;
				ONLY_ACTIVE_ARCH = YES;
				SDKROOT = iphoneos;
				SWIFT_ACTIVE_COMPILATION_CONDITIONS = DEBUG;
				SWIFT_OPTIMIZATION_LEVEL = "-Onone";
			};
			name = Debug;
		};
		171C0FB8275DC3F200A1E9E3 /* Release */ = {
			isa = XCBuildConfiguration;
			buildSettings = {
				ALWAYS_SEARCH_USER_PATHS = NO;
				CLANG_ANALYZER_NONNULL = YES;
				CLANG_ANALYZER_NUMBER_OBJECT_CONVERSION = YES_AGGRESSIVE;
				CLANG_CXX_LANGUAGE_STANDARD = "gnu++17";
				CLANG_CXX_LIBRARY = "libc++";
				CLANG_ENABLE_MODULES = YES;
				CLANG_ENABLE_OBJC_ARC = YES;
				CLANG_ENABLE_OBJC_WEAK = YES;
				CLANG_WARN_BLOCK_CAPTURE_AUTORELEASING = YES;
				CLANG_WARN_BOOL_CONVERSION = YES;
				CLANG_WARN_COMMA = YES;
				CLANG_WARN_CONSTANT_CONVERSION = YES;
				CLANG_WARN_DEPRECATED_OBJC_IMPLEMENTATIONS = YES;
				CLANG_WARN_DIRECT_OBJC_ISA_USAGE = YES_ERROR;
				CLANG_WARN_DOCUMENTATION_COMMENTS = YES;
				CLANG_WARN_EMPTY_BODY = YES;
				CLANG_WARN_ENUM_CONVERSION = YES;
				CLANG_WARN_INFINITE_RECURSION = YES;
				CLANG_WARN_INT_CONVERSION = YES;
				CLANG_WARN_NON_LITERAL_NULL_CONVERSION = YES;
				CLANG_WARN_OBJC_IMPLICIT_RETAIN_SELF = YES;
				CLANG_WARN_OBJC_LITERAL_CONVERSION = YES;
				CLANG_WARN_OBJC_ROOT_CLASS = YES_ERROR;
				CLANG_WARN_QUOTED_INCLUDE_IN_FRAMEWORK_HEADER = YES;
				CLANG_WARN_RANGE_LOOP_ANALYSIS = YES;
				CLANG_WARN_STRICT_PROTOTYPES = YES;
				CLANG_WARN_SUSPICIOUS_MOVE = YES;
				CLANG_WARN_UNGUARDED_AVAILABILITY = YES_AGGRESSIVE;
				CLANG_WARN_UNREACHABLE_CODE = YES;
				CLANG_WARN__DUPLICATE_METHOD_MATCH = YES;
				COPY_PHASE_STRIP = NO;
				DEBUG_INFORMATION_FORMAT = "dwarf-with-dsym";
				ENABLE_NS_ASSERTIONS = NO;
				ENABLE_STRICT_OBJC_MSGSEND = YES;
				GCC_C_LANGUAGE_STANDARD = gnu11;
				GCC_NO_COMMON_BLOCKS = YES;
				GCC_WARN_64_TO_32_BIT_CONVERSION = YES;
				GCC_WARN_ABOUT_RETURN_TYPE = YES_ERROR;
				GCC_WARN_UNDECLARED_SELECTOR = YES;
				GCC_WARN_UNINITIALIZED_AUTOS = YES_AGGRESSIVE;
				GCC_WARN_UNUSED_FUNCTION = YES;
				GCC_WARN_UNUSED_VARIABLE = YES;
				IPHONEOS_DEPLOYMENT_TARGET = 15.0;
				MTL_ENABLE_DEBUG_INFO = NO;
				MTL_FAST_MATH = YES;
				SDKROOT = iphoneos;
				SWIFT_COMPILATION_MODE = wholemodule;
				SWIFT_OPTIMIZATION_LEVEL = "-O";
				VALIDATE_PRODUCT = YES;
			};
			name = Release;
		};
		171C0FBA275DC3F200A1E9E3 /* Debug */ = {
			isa = XCBuildConfiguration;
			buildSettings = {
				ASSETCATALOG_COMPILER_APPICON_NAME = AppIcon;
				ASSETCATALOG_COMPILER_GLOBAL_ACCENT_COLOR_NAME = AccentColor;
				CODE_SIGN_ENTITLEMENTS = Shifl/Shifl.entitlements;
				CODE_SIGN_STYLE = Automatic;
				CURRENT_PROJECT_VERSION = 1;
				DEVELOPMENT_TEAM = 45N4YCBZCJ;
				GENERATE_INFOPLIST_FILE = YES;
				INFOPLIST_FILE = Shifl/Info.plist;
				INFOPLIST_KEY_CFBundleDisplayName = Shifl;
				INFOPLIST_KEY_UIApplicationSupportsIndirectInputEvents = YES;
				INFOPLIST_KEY_UILaunchStoryboardName = LaunchScreen;
				INFOPLIST_KEY_UISupportedInterfaceOrientations = UIInterfaceOrientationPortrait;
				INFOPLIST_KEY_UISupportedInterfaceOrientations_iPad = "UIInterfaceOrientationPortrait UIInterfaceOrientationPortraitUpsideDown UIInterfaceOrientationLandscapeLeft UIInterfaceOrientationLandscapeRight";
				INFOPLIST_KEY_UISupportedInterfaceOrientations_iPhone = "UIInterfaceOrientationPortrait UIInterfaceOrientationLandscapeLeft UIInterfaceOrientationLandscapeRight";
				INFOPLIST_KEY_UIUserInterfaceStyle = Light;
				LD_RUNPATH_SEARCH_PATHS = (
					"$(inherited)",
					"@executable_path/Frameworks",
				);
				MARKETING_VERSION = 1.0;
				PRODUCT_BUNDLE_IDENTIFIER = mohsulthana.shifl;
				PRODUCT_NAME = "$(TARGET_NAME)";
				SWIFT_EMIT_LOC_STRINGS = YES;
				SWIFT_VERSION = 5.0;
				TARGETED_DEVICE_FAMILY = 1;
			};
			name = Debug;
		};
		171C0FBB275DC3F200A1E9E3 /* Release */ = {
			isa = XCBuildConfiguration;
			buildSettings = {
				ASSETCATALOG_COMPILER_APPICON_NAME = AppIcon;
				ASSETCATALOG_COMPILER_GLOBAL_ACCENT_COLOR_NAME = AccentColor;
				CODE_SIGN_ENTITLEMENTS = Shifl/Shifl.entitlements;
				CODE_SIGN_STYLE = Automatic;
				CURRENT_PROJECT_VERSION = 1;
				DEVELOPMENT_TEAM = 45N4YCBZCJ;
				GENERATE_INFOPLIST_FILE = YES;
				INFOPLIST_FILE = Shifl/Info.plist;
				INFOPLIST_KEY_CFBundleDisplayName = Shifl;
				INFOPLIST_KEY_UIApplicationSupportsIndirectInputEvents = YES;
				INFOPLIST_KEY_UILaunchStoryboardName = LaunchScreen;
				INFOPLIST_KEY_UISupportedInterfaceOrientations = UIInterfaceOrientationPortrait;
				INFOPLIST_KEY_UISupportedInterfaceOrientations_iPad = "UIInterfaceOrientationPortrait UIInterfaceOrientationPortraitUpsideDown UIInterfaceOrientationLandscapeLeft UIInterfaceOrientationLandscapeRight";
				INFOPLIST_KEY_UISupportedInterfaceOrientations_iPhone = "UIInterfaceOrientationPortrait UIInterfaceOrientationLandscapeLeft UIInterfaceOrientationLandscapeRight";
				INFOPLIST_KEY_UIUserInterfaceStyle = Light;
				LD_RUNPATH_SEARCH_PATHS = (
					"$(inherited)",
					"@executable_path/Frameworks",
				);
				MARKETING_VERSION = 1.0;
				PRODUCT_BUNDLE_IDENTIFIER = mohsulthana.shifl;
				PRODUCT_NAME = "$(TARGET_NAME)";
				SWIFT_EMIT_LOC_STRINGS = YES;
				SWIFT_VERSION = 5.0;
				TARGETED_DEVICE_FAMILY = 1;
			};
			name = Release;
		};
/* End XCBuildConfiguration section */

/* Begin XCConfigurationList section */
		171C0F9D275DC3E700A1E9E3 /* Build configuration list for PBXProject "Shifl" */ = {
			isa = XCConfigurationList;
			buildConfigurations = (
				171C0FB7275DC3F200A1E9E3 /* Debug */,
				171C0FB8275DC3F200A1E9E3 /* Release */,
			);
			defaultConfigurationIsVisible = 0;
			defaultConfigurationName = Release;
		};
		171C0FB9275DC3F200A1E9E3 /* Build configuration list for PBXNativeTarget "Shifl" */ = {
			isa = XCConfigurationList;
			buildConfigurations = (
				171C0FBA275DC3F200A1E9E3 /* Debug */,
				171C0FBB275DC3F200A1E9E3 /* Release */,
			);
			defaultConfigurationIsVisible = 0;
			defaultConfigurationName = Release;
		};
/* End XCConfigurationList section */

/* Begin XCRemoteSwiftPackageReference section */
		17043D102776C26F00EFD93A /* XCRemoteSwiftPackageReference "Alamofire" */ = {
			isa = XCRemoteSwiftPackageReference;
			repositoryURL = "https://github.com/Alamofire/Alamofire";
			requirement = {
				kind = upToNextMajorVersion;
				minimumVersion = 5.0.0;
			};
		};
		17CC71FC27673EFF0028AF96 /* XCRemoteSwiftPackageReference "TTGSnackbar" */ = {
			isa = XCRemoteSwiftPackageReference;
			repositoryURL = "https://github.com/zekunyan/TTGSnackbar";
			requirement = {
				kind = upToNextMajorVersion;
				minimumVersion = 1.0.0;
			};
		};
/* End XCRemoteSwiftPackageReference section */

/* Begin XCSwiftPackageProductDependency section */
		17043D112776C26F00EFD93A /* Alamofire */ = {
			isa = XCSwiftPackageProductDependency;
			package = 17043D102776C26F00EFD93A /* XCRemoteSwiftPackageReference "Alamofire" */;
			productName = Alamofire;
		};
		17CC71FD27673EFF0028AF96 /* TTGSnackbar */ = {
			isa = XCSwiftPackageProductDependency;
			package = 17CC71FC27673EFF0028AF96 /* XCRemoteSwiftPackageReference "TTGSnackbar" */;
			productName = TTGSnackbar;
		};
/* End XCSwiftPackageProductDependency section */

/* Begin XCVersionGroup section */
		171C0FAE275DC3E800A1E9E3 /* Shifl.xcdatamodeld */ = {
			isa = XCVersionGroup;
			children = (
				171C0FAF275DC3E800A1E9E3 /* Shifl.xcdatamodel */,
			);
			currentVersion = 171C0FAF275DC3E800A1E9E3 /* Shifl.xcdatamodel */;
			path = Shifl.xcdatamodeld;
			sourceTree = "<group>";
			versionGroupType = wrapper.xcdatamodel;
		};
/* End XCVersionGroup section */
	};
	rootObject = 171C0F9A275DC3E700A1E9E3 /* Project object */;
}
